{
  "name": "Coronavirus data chart",
  "lockfileVersion": 2,
  "requires": true,
  "packages": {
    "": {
      "dependencies": {
        "chart.js": "^3.7.1",
        "chartjs-chart-geo": "^3.7.1",
        "topojson": "^3.0.2"
      }
    },
    "node_modules/@types/d3-geo": {
      "version": "3.0.2",
      "resolved": "https://registry.npmjs.org/@types/d3-geo/-/d3-geo-3.0.2.tgz",
      "integrity": "sha512-DbqK7MLYA8LpyHQfv6Klz0426bQEf7bRTvhMy44sNGVyZoWn//B0c+Qbeg8Osi2Obdc9BLLXYAKpyWege2/7LQ==",
      "dependencies": {
        "@types/geojson": "*"
      }
    },
    "node_modules/@types/d3-scale-chromatic": {
      "version": "3.0.0",
      "resolved": "https://registry.npmjs.org/@types/d3-scale-chromatic/-/d3-scale-chromatic-3.0.0.tgz",
      "integrity": "sha512-dsoJGEIShosKVRBZB0Vo3C8nqSDqVGujJU6tPznsBJxNJNwMF8utmS83nvCBKQYPpjCzaaHcrf66iTRpZosLPw=="
    },
    "node_modules/@types/geojson": {
      "version": "7946.0.8",
      "resolved": "https://registry.npmjs.org/@types/geojson/-/geojson-7946.0.8.tgz",
      "integrity": "sha512-1rkryxURpr6aWP7R786/UQOkJ3PcpQiWkAXBmdWc7ryFWqN6a4xfK7BtjXvFBKO9LjQ+MWQSWxYeZX1OApnArA=="
    },
    "node_modules/@types/topojson-client": {
      "version": "3.1.0",
      "resolved": "https://registry.npmjs.org/@types/topojson-client/-/topojson-client-3.1.0.tgz",
      "integrity": "sha512-wmjTmMkF6k6m3Tn4mIyRjw8KUQZLHB1TxNcpGYirvV/aCINkC0eMJsUO/OPMkKIB6VO5iA6Vp39bmAq6QgvSfA==",
      "dependencies": {
        "@types/geojson": "*",
        "@types/topojson-specification": "*"
      }
    },
    "node_modules/@types/topojson-specification": {
      "version": "1.0.2",
      "resolved": "https://registry.npmjs.org/@types/topojson-specification/-/topojson-specification-1.0.2.tgz",
      "integrity": "sha512-SGc1NdX9g3UGDp6S+p+uyG+Z8CehS51sUJ9bejA25Xgn2kkAguILk6J9nxXK+0M/mbTBN7ypMA7+4HVLNMJ8ag==",
      "dependencies": {
        "@types/geojson": "*"
      }
    },
    "node_modules/chart.js": {
      "version": "3.7.1",
      "resolved": "https://registry.npmjs.org/chart.js/-/chart.js-3.7.1.tgz",
      "integrity": "sha512-8knRegQLFnPQAheZV8MjxIXc5gQEfDFD897BJgv/klO/vtIyFFmgMXrNfgrXpbTr/XbTturxRgxIXx/Y+ASJBA=="
    },
    "node_modules/chartjs-chart-geo": {
      "version": "3.7.1",
      "resolved": "https://registry.npmjs.org/chartjs-chart-geo/-/chartjs-chart-geo-3.7.1.tgz",
      "integrity": "sha512-IRWRVJvOQ4ZjadvuC8oHAaRj3xAo4NBqtiTvf/JVf0/S2EV+QH+inHw/uwSq5nj8el1jtYM0enzZPzgFqgBvvA==",
      "dependencies": {
        "@types/d3-geo": "^3.0.2",
        "@types/d3-scale-chromatic": "^3.0.0",
        "@types/topojson-client": "^3.1.0",
        "d3-array": "^2.12.0",
        "d3-geo": "^2.0.1",
        "d3-scale-chromatic": "^2.0.0",
        "topojson-client": "^3.1.0"
      },
      "peerDependencies": {
        "chart.js": "^3.7.0"
      }
    },
    "node_modules/commander": {
      "version": "2.20.3",
      "resolved": "https://registry.npmjs.org/commander/-/commander-2.20.3.tgz",
      "integrity": "sha512-GpVkmM8vF2vQUkj2LvZmD35JxeJOLCwJ9cUkugyk2nuhbv3+mJvpLYYt+0+USMxE+oj+ey/lJEnhZw75x/OMcQ=="
    },
    "node_modules/d3-array": {
      "version": "2.12.1",
      "resolved": "https://registry.npmjs.org/d3-array/-/d3-array-2.12.1.tgz",
      "integrity": "sha512-B0ErZK/66mHtEsR1TkPEEkwdy+WDesimkM5gpZr5Dsg54BiTA5RXtYW5qTLIAcekaS9xfZrzBLF/OAkB3Qn1YQ==",
      "dependencies": {
        "internmap": "^1.0.0"
      }
    },
    "node_modules/d3-color": {
      "version": "2.0.0",
      "resolved": "https://registry.npmjs.org/d3-color/-/d3-color-2.0.0.tgz",
      "integrity": "sha512-SPXi0TSKPD4g9tw0NMZFnR95XVgUZiBH+uUTqQuDu1OsE2zomHU7ho0FISciaPvosimixwHFl3WHLGabv6dDgQ=="
    },
    "node_modules/d3-geo": {
      "version": "2.0.2",
      "resolved": "https://registry.npmjs.org/d3-geo/-/d3-geo-2.0.2.tgz",
      "integrity": "sha512-8pM1WGMLGFuhq9S+FpPURxic+gKzjluCD/CHTuUF3mXMeiCo0i6R0tO1s4+GArRFde96SLcW/kOFRjoAosPsFA==",
      "dependencies": {
        "d3-array": "^2.5.0"
      }
    },
    "node_modules/d3-interpolate": {
      "version": "2.0.1",
      "resolved": "https://registry.npmjs.org/d3-interpolate/-/d3-interpolate-2.0.1.tgz",
      "integrity": "sha512-c5UhwwTs/yybcmTpAVqwSFl6vrQ8JZJoT5F7xNFK9pymv5C0Ymcc9/LIJHtYIggg/yS9YHw8i8O8tgb9pupjeQ==",
      "dependencies": {
        "d3-color": "1 - 2"
      }
    },
    "node_modules/d3-scale-chromatic": {
      "version": "2.0.0",
      "resolved": "https://registry.npmjs.org/d3-scale-chromatic/-/d3-scale-chromatic-2.0.0.tgz",
      "integrity": "sha512-LLqy7dJSL8yDy7NRmf6xSlsFZ6zYvJ4BcWFE4zBrOPnQERv9zj24ohnXKRbyi9YHnYV+HN1oEO3iFK971/gkzA==",
      "dependencies": {
        "d3-color": "1 - 2",
        "d3-interpolate": "1 - 2"
      }
    },
    "node_modules/internmap": {
      "version": "1.0.1",
      "resolved": "https://registry.npmjs.org/internmap/-/internmap-1.0.1.tgz",
      "integrity": "sha512-lDB5YccMydFBtasVtxnZ3MRBHuaoE8GKsppq+EchKL2U4nK/DmEpPHNH8MZe5HkMtpSiTSOZwfN0tzYjO/lJEw=="
    },
    "node_modules/topojson": {
      "version": "3.0.2",
      "resolved": "https://registry.npmjs.org/topojson/-/topojson-3.0.2.tgz",
      "integrity": "sha512-u3zeuL6WEVL0dmsRn7uHZKc4Ao4gpW3sORUv+N3ezLTvY3JdCuyg0hvpWiIfFw8p/JwVN++SvAsFgcFEeR15rQ==",
      "deprecated": "Use topojson-client, topojson-server or topojson-simplify directly.",
      "dependencies": {
        "topojson-client": "3.0.0",
        "topojson-server": "3.0.0",
        "topojson-simplify": "3.0.2"
      },
      "bin": {
        "geo2topo": "node_modules/topojson-server/bin/geo2topo",
        "topo2geo": "node_modules/topojson-client/bin/topo2geo",
        "topomerge": "node_modules/topojson-client/bin/topomerge",
        "topoquantize": "node_modules/topojson-client/bin/topoquantize",
        "toposimplify": "node_modules/topojson-simplify/bin/toposimplify"
      }
    },
    "node_modules/topojson-client": {
      "version": "3.1.0",
      "resolved": "https://registry.npmjs.org/topojson-client/-/topojson-client-3.1.0.tgz",
      "integrity": "sha512-605uxS6bcYxGXw9qi62XyrV6Q3xwbndjachmNxu8HWTtVPxZfEJN9fd/SZS1Q54Sn2y0TMyMxFj/cJINqGHrKw==",
      "dependencies": {
        "commander": "2"
      },
      "bin": {
        "topo2geo": "bin/topo2geo",
        "topomerge": "bin/topomerge",
        "topoquantize": "bin/topoquantize"
      }
    },
    "node_modules/topojson-server": {
      "version": "3.0.0",
      "resolved": "https://registry.npmjs.org/topojson-server/-/topojson-server-3.0.0.tgz",
      "integrity": "sha1-N4546Hw5cqe1vixdYENptrrmnF4=",
      "dependencies": {
        "commander": "2"
      },
      "bin": {
        "geo2topo": "bin/geo2topo"
      }
    },
    "node_modules/topojson-simplify": {
      "version": "3.0.2",
      "resolved": "https://registry.npmjs.org/topojson-simplify/-/topojson-simplify-3.0.2.tgz",
      "integrity": "sha512-gyYSVRt4jO/0RJXKZQPzTDQRWV+D/nOfiljNUv0HBXslFLtq3yxRHrl7jbrjdbda5Ytdr7M8BZUI4OxU7tnbRQ==",
      "dependencies": {
        "commander": "2",
        "topojson-client": "3"
      },
      "bin": {
        "toposimplify": "bin/toposimplify"
      }
    },
    "node_modules/topojson/node_modules/topojson-client": {
      "version": "3.0.0",
      "resolved": "https://registry.npmjs.org/topojson-client/-/topojson-client-3.0.0.tgz",
      "integrity": "sha1-H5kpOnfvQqRI0DKoGqmCtz82DS8=",
      "dependencies": {
        "commander": "2"
      },
      "bin": {
        "topo2geo": "bin/topo2geo",
        "topomerge": "bin/topomerge",
        "topoquantize": "bin/topoquantize"
      }
    }
  },
  "dependencies": {
    "@types/d3-geo": {
      "version": "3.0.2",
      "resolved": "https://registry.npmjs.org/@types/d3-geo/-/d3-geo-3.0.2.tgz",
      "integrity": "sha512-DbqK7MLYA8LpyHQfv6Klz0426bQEf7bRTvhMy44sNGVyZoWn//B0c+Qbeg8Osi2Obdc9BLLXYAKpyWege2/7LQ==",
      "requires": {
        "@types/geojson": "*"
      }
    },
    "@types/d3-scale-chromatic": {
      "version": "3.0.0",
      "resolved": "https://registry.npmjs.org/@types/d3-scale-chromatic/-/d3-scale-chromatic-3.0.0.tgz",
      "integrity": "sha512-dsoJGEIShosKVRBZB0Vo3C8nqSDqVGujJU6tPznsBJxNJNwMF8utmS83nvCBKQYPpjCzaaHcrf66iTRpZosLPw=="
    },
    "@types/geojson": {
      "version": "7946.0.8",
      "resolved": "https://registry.npmjs.org/@types/geojson/-/geojson-7946.0.8.tgz",
      "integrity": "sha512-1rkryxURpr6aWP7R786/UQOkJ3PcpQiWkAXBmdWc7ryFWqN6a4xfK7BtjXvFBKO9LjQ+MWQSWxYeZX1OApnArA=="
    },
    "@types/topojson-client": {
      "version": "3.1.0",
      "resolved": "https://registry.npmjs.org/@types/topojson-client/-/topojson-client-3.1.0.tgz",
      "integrity": "sha512-wmjTmMkF6k6m3Tn4mIyRjw8KUQZLHB1TxNcpGYirvV/aCINkC0eMJsUO/OPMkKIB6VO5iA6Vp39bmAq6QgvSfA==",
      "requires": {
        "@types/geojson": "*",
        "@types/topojson-specification": "*"
      }
    },
    "@types/topojson-specification": {
      "version": "1.0.2",
      "resolved": "https://registry.npmjs.org/@types/topojson-specification/-/topojson-specification-1.0.2.tgz",
      "integrity": "sha512-SGc1NdX9g3UGDp6S+p+uyG+Z8CehS51sUJ9bejA25Xgn2kkAguILk6J9nxXK+0M/mbTBN7ypMA7+4HVLNMJ8ag==",
      "requires": {
        "@types/geojson": "*"
      }
    },
    "chart.js": {
      "version": "3.7.1",
      "resolved": "https://registry.npmjs.org/chart.js/-/chart.js-3.7.1.tgz",
      "integrity": "sha512-8knRegQLFnPQAheZV8MjxIXc5gQEfDFD897BJgv/klO/vtIyFFmgMXrNfgrXpbTr/XbTturxRgxIXx/Y+ASJBA=="
    },
    "chartjs-chart-geo": {
      "version": "3.7.1",
      "resolved": "https://registry.npmjs.org/chartjs-chart-geo/-/chartjs-chart-geo-3.7.1.tgz",
      "integrity": "sha512-IRWRVJvOQ4ZjadvuC8oHAaRj3xAo4NBqtiTvf/JVf0/S2EV+QH+inHw/uwSq5nj8el1jtYM0enzZPzgFqgBvvA==",
      "requires": {
        "@types/d3-geo": "^3.0.2",
        "@types/d3-scale-chromatic": "^3.0.0",
        "@types/topojson-client": "^3.1.0",
        "d3-array": "^2.12.0",
        "d3-geo": "^2.0.1",
        "d3-scale-chromatic": "^2.0.0",
        "topojson-client": "^3.1.0"
      }
    },
    "commander": {
      "version": "2.20.3",
      "resolved": "https://registry.npmjs.org/commander/-/commander-2.20.3.tgz",
      "integrity": "sha512-GpVkmM8vF2vQUkj2LvZmD35JxeJOLCwJ9cUkugyk2nuhbv3+mJvpLYYt+0+USMxE+oj+ey/lJEnhZw75x/OMcQ=="
    },
    "d3-array": {
      "version": "2.12.1",
      "resolved": "https://registry.npmjs.org/d3-array/-/d3-array-2.12.1.tgz",
      "integrity": "sha512-B0ErZK/66mHtEsR1TkPEEkwdy+WDesimkM5gpZr5Dsg54BiTA5RXtYW5qTLIAcekaS9xfZrzBLF/OAkB3Qn1YQ==",
      "requires": {
        "internmap": "^1.0.0"
      }
    },
    "d3-color": {
      "version": "2.0.0",
      "resolved": "https://registry.npmjs.org/d3-color/-/d3-color-2.0.0.tgz",
      "integrity": "sha512-SPXi0TSKPD4g9tw0NMZFnR95XVgUZiBH+uUTqQuDu1OsE2zomHU7ho0FISciaPvosimixwHFl3WHLGabv6dDgQ=="
    },
    "d3-geo": {
      "version": "2.0.2",
      "resolved": "https://registry.npmjs.org/d3-geo/-/d3-geo-2.0.2.tgz",
      "integrity": "sha512-8pM1WGMLGFuhq9S+FpPURxic+gKzjluCD/CHTuUF3mXMeiCo0i6R0tO1s4+GArRFde96SLcW/kOFRjoAosPsFA==",
      "requires": {
        "d3-array": "^2.5.0"
      }
    },
    "d3-interpolate": {
      "version": "2.0.1",
      "resolved": "https://registry.npmjs.org/d3-interpolate/-/d3-interpolate-2.0.1.tgz",
      "integrity": "sha512-c5UhwwTs/yybcmTpAVqwSFl6vrQ8JZJoT5F7xNFK9pymv5C0Ymcc9/LIJHtYIggg/yS9YHw8i8O8tgb9pupjeQ==",
      "requires": {
        "d3-color": "1 - 2"
      }
    },
    "d3-scale-chromatic": {
      "version": "2.0.0",
      "resolved": "https://registry.npmjs.org/d3-scale-chromatic/-/d3-scale-chromatic-2.0.0.tgz",
      "integrity": "sha512-LLqy7dJSL8yDy7NRmf6xSlsFZ6zYvJ4BcWFE4zBrOPnQERv9zj24ohnXKRbyi9YHnYV+HN1oEO3iFK971/gkzA==",
      "requires": {
        "d3-color": "1 - 2",
        "d3-interpolate": "1 - 2"
      }
    },
    "internmap": {
      "version": "1.0.1",
      "resolved": "https://registry.npmjs.org/internmap/-/internmap-1.0.1.tgz",
      "integrity": "sha512-lDB5YccMydFBtasVtxnZ3MRBHuaoE8GKsppq+EchKL2U4nK/DmEpPHNH8MZe5HkMtpSiTSOZwfN0tzYjO/lJEw=="
    },
    "topojson": {
      "version": "3.0.2",
      "resolved": "https://registry.npmjs.org/topojson/-/topojson-3.0.2.tgz",
      "integrity": "sha512-u3zeuL6WEVL0dmsRn7uHZKc4Ao4gpW3sORUv+N3ezLTvY3JdCuyg0hvpWiIfFw8p/JwVN++SvAsFgcFEeR15rQ==",
      "requires": {
        "topojson-client": "3.0.0",
        "topojson-server": "3.0.0",
        "topojson-simplify": "3.0.2"
      },
      "dependencies": {
        "topojson-client": {
          "version": "3.0.0",
          "resolved": "https://registry.npmjs.org/topojson-client/-/topojson-client-3.0.0.tgz",
          "integrity": "sha1-H5kpOnfvQqRI0DKoGqmCtz82DS8=",
          "requires": {
            "commander": "2"
          }
        }
      }
    },
    "topojson-client": {
      "version": "3.1.0",
      "resolved": "https://registry.npmjs.org/topojson-client/-/topojson-client-3.1.0.tgz",
      "integrity": "sha512-605uxS6bcYxGXw9qi62XyrV6Q3xwbndjachmNxu8HWTtVPxZfEJN9fd/SZS1Q54Sn2y0TMyMxFj/cJINqGHrKw==",
      "requires": {
        "commander": "2"
      }
    },
    "topojson-server": {
      "version": "3.0.0",
      "resolved": "https://registry.npmjs.org/topojson-server/-/topojson-server-3.0.0.tgz",
      "integrity": "sha1-N4546Hw5cqe1vixdYENptrrmnF4=",
      "requires": {
        "commander": "2"
      }
    },
    "topojson-simplify": {
      "version": "3.0.2",
      "resolved": "https://registry.npmjs.org/topojson-simplify/-/topojson-simplify-3.0.2.tgz",
      "integrity": "sha512-gyYSVRt4jO/0RJXKZQPzTDQRWV+D/nOfiljNUv0HBXslFLtq3yxRHrl7jbrjdbda5Ytdr7M8BZUI4OxU7tnbRQ==",
      "requires": {
        "commander": "2",
        "topojson-client": "3"
      }
    }
  }
}
